
Microsoft Visual Studio Solution File, Format Version 12.00
# Visual Studio Version 16
VisualStudioVersion = 16.0.30503.244
MinimumVisualStudioVersion = 10.0.40219.1
Project("{FAE04EC0-301F-11D3-BF4B-00C04F79EFBC}") = "apiGestores", "apiGestores\apiGestores.csproj", "{6644B9FD-7348-44BF-9BF4-23BFAA3225CF}"
EndProject
Global
	GlobalSection(SolutionConfigurationPlatforms) = preSolution
		Debug|Any CPU = Debug|Any CPU
		Release|Any CPU = Release|Any CPU
	EndGlobalSection
	GlobalSection(ProjectConfigurationPlatforms) = postSolution
		{6644B9FD-7348-44BF-9BF4-23BFAA3225CF}.Debug|Any CPU.ActiveCfg = Debug|Any CPU
		{6644B9FD-7348-44BF-9BF4-23BFAA3225CF}.Debug|Any CPU.Build.0 = Debug|Any CPU
		{6644B9FD-7348-44BF-9BF4-23BFAA3225CF}.Release|Any CPU.ActiveCfg = Release|Any CPU
		{6644B9FD-7348-44BF-9BF4-23BFAA3225CF}.Release|Any CPU.Build.0 = Release|Any CPU
	EndGlobalSection
	GlobalSection(SolutionProperties) = preSolution
		HideSolutionNode = FALSE
	EndGlobalSection
	GlobalSection(ExtensibilityGlobals) = postSolution
		SolutionGuid = {5A3AEAC1-6BBF-4E81-A589-B1A7B6D0B006}
	EndGlobalSection
EndGlobal
